{
  "name": "wger",
  "version": "2.4.alpha1",
  "lockfileVersion": 3,
  "requires": true,
  "packages": {
    "": {
      "name": "wger",
      "version": "2.4.alpha1",
      "hasInstallScript": true,
      "license": "AGPL-3.0",
      "dependencies": {
        "@popperjs/core": "^2.11.8",
        "bootstrap": "5.3.7",
        "components-font-awesome": "5.9.0",
        "datatables.net-bs5": "^2.3.3",
        "devbridge-autocomplete": "^1.4.11",
        "htmx.org": "^2.0.5",
        "jquery": "^3.7.1",
        "masonry-layout": "^4.2.2",
        "popper.js": "^1.16.1"
      },
      "engines": {
        "yarn": ">= 1.0.0"
      }
    },
    "node_modules/@popperjs/core": {
      "version": "2.11.8",
      "license": "MIT",
      "funding": {
        "type": "opencollective",
        "url": "https://opencollective.com/popperjs"
      }
    },
    "node_modules/@types/jquery": {
      "version": "2.0.54",
      "license": "MIT"
    },
    "node_modules/bootstrap": {
      "version": "5.3.7",
      "funding": [
        {
          "type": "github",
          "url": "https://github.com/sponsors/twbs"
        },
        {
          "type": "opencollective",
          "url": "https://opencollective.com/bootstrap"
        }
      ],
      "license": "MIT",
      "peerDependencies": {
        "@popperjs/core": "^2.11.8"
      }
    },
    "node_modules/components-font-awesome": {
      "version": "5.9.0",
      "license": [
        "CC-BY-4.0",
        "MIT",
        "OFL-1.1"
      ]
    },
    "node_modules/datatables.net": {
      "version": "2.3.3",
      "license": "MIT",
      "dependencies": {
        "jquery": ">=1.7"
      }
    },
    "node_modules/datatables.net-bs5": {
      "version": "2.3.3",
      "license": "MIT",
      "dependencies": {
        "datatables.net": "2.3.3",
        "jquery": ">=1.7"
      }
    },
    "node_modules/desandro-matches-selector": {
      "version": "2.0.2",
      "license": "MIT"
    },
    "node_modules/devbridge-autocomplete": {
      "version": "1.4.11",
      "license": "MIT",
      "dependencies": {
        "@types/jquery": "^2.0.32",
        "jquery": ">=1.7"
      }
    },
    "node_modules/ev-emitter": {
      "version": "1.1.1",
      "license": "MIT"
    },
    "node_modules/fizzy-ui-utils": {
      "version": "2.0.7",
      "license": "MIT",
      "dependencies": {
        "desandro-matches-selector": "^2.0.0"
      }
    },
    "node_modules/get-size": {
      "version": "2.0.3",
      "license": "MIT"
    },
    "node_modules/htmx.org": {
      "version": "2.0.5",
      "license": "0BSD"
    },
    "node_modules/jquery": {
      "version": "3.7.1",
      "license": "MIT"
    },
    "node_modules/masonry-layout": {
      "version": "4.2.2",
      "license": "MIT",
      "dependencies": {
        "get-size": "^2.0.2",
        "outlayer": "^2.1.0"
      }
    },
    "node_modules/outlayer": {
      "version": "2.1.1",
      "license": "MIT",
      "dependencies": {
        "ev-emitter": "^1.0.0",
        "fizzy-ui-utils": "^2.0.0",
        "get-size": "^2.0.2"
      }
    },
    "node_modules/popper.js": {
      "version": "1.16.1",
      "license": "MIT",
      "funding": {
        "type": "opencollective",
        "url": "https://opencollective.com/popperjs"
      }
    }
  }
}
